// !$*UTF8*$!
{
	archiveVersion = 1;
	classes = {
	};
	objectVersion = 46;
	objects = {

/* Begin PBXBuildFile section */
		656FD4321D239F4A00D84D5D /* main.m in Sources */ = {isa = PBXBuildFile; fileRef = 656FD4311D239F4A00D84D5D /* main.m */; };
		656FD4351D239F4A00D84D5D /* AppDelegate.m in Sources */ = {isa = PBXBuildFile; fileRef = 656FD4341D239F4A00D84D5D /* AppDelegate.m */; };
		656FD43D1D239F4A00D84D5D /* Assets.xcassets in Resources */ = {isa = PBXBuildFile; fileRef = 656FD43C1D239F4A00D84D5D /* Assets.xcassets */; };
		656FD4401D239F4A00D84D5D /* LaunchScreen.storyboard in Resources */ = {isa = PBXBuildFile; fileRef = 656FD43E1D239F4A00D84D5D /* LaunchScreen.storyboard */; };
		656FD4511D23A07200D84D5D /* MainViewController.m in Sources */ = {isa = PBXBuildFile; fileRef = 656FD4501D23A07200D84D5D /* MainViewController.m */; };
		656FD4541D23A4D400D84D5D /* AirServiceKit.framework in Frameworks */ = {isa = PBXBuildFile; fileRef = 656FD44D1D23A05200D84D5D /* AirServiceKit.framework */; };
		656FD4551D23A4D400D84D5D /* AirServiceKit.framework in Embed Frameworks */ = {isa = PBXBuildFile; fileRef = 656FD44D1D23A05200D84D5D /* AirServiceKit.framework */; settings = {ATTRIBUTES = (CodeSignOnCopy, RemoveHeadersOnCopy, ); }; };
/* End PBXBuildFile section */

/* Begin PBXCopyFilesBuildPhase section */
		656FD4561D23A4D400D84D5D /* Embed Frameworks */ = {
			isa = PBXCopyFilesBuildPhase;
			buildActionMask = 2147483647;
			dstPath = "";
			dstSubfolderSpec = 10;
			files = (
				656FD4551D23A4D400D84D5D /* AirServiceKit.framework in Embed Frameworks */,
			);
			name = "Embed Frameworks";
			runOnlyForDeploymentPostprocessing = 0;
		};
/* End PBXCopyFilesBuildPhase section */

/* Begin PBXFileReference section */
		656FD42D1D239F4A00D84D5D /* PresentDemo.app */ = {isa = PBXFileReference; explicitFileType = wrapper.application; includeInIndex = 0; path = PresentDemo.app; sourceTree = BUILT_PRODUCTS_DIR; };
		656FD4311D239F4A00D84D5D /* main.m */ = {isa = PBXFileReference; lastKnownFileType = sourcecode.c.objc; path = main.m; sourceTree = "<group>"; };
		656FD4331D239F4A00D84D5D /* AppDelegate.h */ = {isa = PBXFileReference; lastKnownFileType = sourcecode.c.h; path = AppDelegate.h; sourceTree = "<group>"; };
		656FD4341D239F4A00D84D5D /* AppDelegate.m */ = {isa = PBXFileReference; lastKnownFileType = sourcecode.c.objc; path = AppDelegate.m; sourceTree = "<group>"; };
		656FD43C1D239F4A00D84D5D /* Assets.xcassets */ = {isa = PBXFileReference; lastKnownFileType = folder.assetcatalog; path = Assets.xcassets; sourceTree = "<group>"; };
		656FD43F1D239F4A00D84D5D /* Base */ = {isa = PBXFileReference; lastKnownFileType = file.storyboard; name = Base; path = Base.lproj/LaunchScreen.storyboard; sourceTree = "<group>"; };
		656FD4411D239F4A00D84D5D /* Info.plist */ = {isa = PBXFileReference; lastKnownFileType = text.plist.xml; path = Info.plist; sourceTree = "<group>"; };
		656FD44D1D23A05200D84D5D /* AirServiceKit.framework */ = {isa = PBXFileReference; lastKnownFileType = wrapper.framework; name = AirServiceKit.framework; path = ../../AirServiceKit.framework; sourceTree = "<group>"; };
		656FD44F1D23A07200D84D5D /* MainViewController.h */ = {isa = PBXFileReference; fileEncoding = 4; lastKnownFileType = sourcecode.c.h; path = MainViewController.h; sourceTree = "<group>"; };
		656FD4501D23A07200D84D5D /* MainViewController.m */ = {isa = PBXFileReference; fileEncoding = 4; lastKnownFileType = sourcecode.c.objc; path = MainViewController.m; sourceTree = "<group>"; };
/* End PBXFileReference section */

/* Begin PBXFrameworksBuildPhase section */
		656FD42A1D239F4A00D84D5D /* Frameworks */ = {
			isa = PBXFrameworksBuildPhase;
			buildActionMask = 2147483647;
			files = (
				656FD4541D23A4D400D84D5D /* AirServiceKit.framework in Frameworks */,
			);
			runOnlyForDeploymentPostprocessing = 0;
		};
/* End PBXFrameworksBuildPhase section */

/* Begin PBXGroup section */
		656FD4241D239F4A00D84D5D = {
			isa = PBXGroup;
			children = (
				656FD4471D239F8400D84D5D /* Frameworks */,
				656FD42F1D239F4A00D84D5D /* PresentDemo */,
				656FD42E1D239F4A00D84D5D /* Products */,
			);
			sourceTree = "<group>";
		};
		656FD42E1D239F4A00D84D5D /* Products */ = {
			isa = PBXGroup;
			children = (
				656FD42D1D239F4A00D84D5D /* PresentDemo.app */,
			);
			name = Products;
			sourceTree = "<group>";
		};
		656FD42F1D239F4A00D84D5D /* PresentDemo */ = {
			isa = PBXGroup;
			children = (
				656FD4331D239F4A00D84D5D /* AppDelegate.h */,
				656FD4341D239F4A00D84D5D /* AppDelegate.m */,
				656FD44F1D23A07200D84D5D /* MainViewController.h */,
				656FD4501D23A07200D84D5D /* MainViewController.m */,
				656FD43C1D239F4A00D84D5D /* Assets.xcassets */,
				656FD43E1D239F4A00D84D5D /* LaunchScreen.storyboard */,
				656FD4411D239F4A00D84D5D /* Info.plist */,
				656FD4301D239F4A00D84D5D /* Supporting Files */,
			);
			path = PresentDemo;
			sourceTree = "<group>";
		};
		656FD4301D239F4A00D84D5D /* Supporting Files */ = {
			isa = PBXGroup;
			children = (
				656FD4311D239F4A00D84D5D /* main.m */,
			);
			name = "Supporting Files";
			sourceTree = "<group>";
		};
		656FD4471D239F8400D84D5D /* Frameworks */ = {
			isa = PBXGroup;
			children = (
				656FD44D1D23A05200D84D5D /* AirServiceKit.framework */,
			);
			name = Frameworks;
			sourceTree = "<group>";
		};
/* End PBXGroup section */

/* Begin PBXNativeTarget section */
		656FD42C1D239F4A00D84D5D /* PresentDemo */ = {
			isa = PBXNativeTarget;
			buildConfigurationList = 656FD4441D239F4A00D84D5D /* Build configuration list for PBXNativeTarget "PresentDemo" */;
			buildPhases = (
				656FD4291D239F4A00D84D5D /* Sources */,
				656FD42A1D239F4A00D84D5D /* Frameworks */,
				656FD42B1D239F4A00D84D5D /* Resources */,
				656FD4561D23A4D400D84D5D /* Embed Frameworks */,
			);
			buildRules = (
			);
			dependencies = (
			);
			name = PresentDemo;
			productName = PresentDemo;
			productReference = 656FD42D1D239F4A00D84D5D /* PresentDemo.app */;
			productType = "com.apple.product-type.application";
		};
/* End PBXNativeTarget section */

/* Begin PBXProject section */
		656FD4251D239F4A00D84D5D /* Project object */ = {
			isa = PBXProject;
			attributes = {
				LastUpgradeCheck = 0730;
				ORGANIZATIONNAME = "AirService Digital";
				TargetAttributes = {
					656FD42C1D239F4A00D84D5D = {
						CreatedOnToolsVersion = 7.3.1;
					};
				};
			};
			buildConfigurationList = 656FD4281D239F4A00D84D5D /* Build configuration list for PBXProject "PresentDemo" */;
			compatibilityVersion = "Xcode 3.2";
			developmentRegion = English;
			hasScannedForEncodings = 0;
			knownRegions = (
				en,
				Base,
			);
			mainGroup = 656FD4241D239F4A00D84D5D;
			productRefGroup = 656FD42E1D239F4A00D84D5D /* Products */;
			projectDirPath = "";
			projectRoot = "";
			targets = (
				656FD42C1D239F4A00D84D5D /* PresentDemo */,
			);
		};
/* End PBXProject section */

/* Begin PBXResourcesBuildPhase section */
		656FD42B1D239F4A00D84D5D /* Resources */ = {
			isa = PBXResourcesBuildPhase;
			buildActionMask = 2147483647;
			files = (
				656FD4401D239F4A00D84D5D /* LaunchScreen.storyboard in Resources */,
				656FD43D1D239F4A00D84D5D /* Assets.xcassets in Resources */,
			);
			runOnlyForDeploymentPostprocessing = 0;
		};
/* End PBXResourcesBuildPhase section */

/* Begin PBXSourcesBuildPhase section */
		656FD4291D239F4A00D84D5D /* Sources */ = {
			isa = PBXSourcesBuildPhase;
			buildActionMask = 2147483647;
			files = (
				656FD4351D239F4A00D84D5D /* AppDelegate.m in Sources */,
				656FD4511D23A07200D84D5D /* MainViewController.m in Sources */,
				656FD4321D239F4A00D84D5D /* main.m in Sources */,
			);
			runOnlyForDeploymentPostprocessing = 0;
		};
/* End PBXSourcesBuildPhase section */

/* Begin PBXVariantGroup section */
		656FD43E1D239F4A00D84D5D /* LaunchScreen.storyboard */ = {
			isa = PBXVariantGroup;
			children = (
				656FD43F1D239F4A00D84D5D /* Base */,
			);
			name = LaunchScreen.storyboard;
			sourceTree = "<group>";
		};
/* End PBXVariantGroup section */

/* Begin XCBuildConfiguration section */
		656FD4421D239F4A00D84D5D /* Debug */ = {
			isa = XCBuildConfiguration;
			buildSettings = {
				ALWAYS_SEARCH_USER_PATHS = NO;
				CLANG_ANALYZER_NONNULL = YES;
				CLANG_CXX_LANGUAGE_STANDARD = "gnu++0x";
				CLANG_CXX_LIBRARY = "libc++";
				CLANG_ENABLE_MODULES = YES;
				CLANG_ENABLE_OBJC_ARC = YES;
				CLANG_WARN_BOOL_CONVERSION = YES;
				CLANG_WARN_CONSTANT_CONVERSION = YES;
				CLANG_WARN_DIRECT_OBJC_ISA_USAGE = YES_ERROR;
				CLANG_WARN_EMPTY_BODY = YES;
				CLANG_WARN_ENUM_CONVERSION = YES;
				CLANG_WARN_INT_CONVERSION = YES;
				CLANG_WARN_OBJC_ROOT_CLASS = YES_ERROR;
				CLANG_WARN_UNREACHABLE_CODE = YES;
				CLANG_WARN__DUPLICATE_METHOD_MATCH = YES;
				"CODE_SIGN_IDENTITY[sdk=iphoneos*]" = "iPhone Developer";
				COPY_PHASE_STRIP = NO;
				DEBUG_INFORMATION_FORMAT = dwarf;
				ENABLE_STRICT_OBJC_MSGSEND = YES;
				ENABLE_TESTABILITY = YES;
				GCC_C_LANGUAGE_STANDARD = gnu99;
				GCC_DYNAMIC_NO_PIC = NO;
				GCC_NO_COMMON_BLOCKS = YES;
				GCC_OPTIMIZATION_LEVEL = 0;
				GCC_PREPROCESSOR_DEFINITIONS = (
					"DEBUG=1",
					"$(inherited)",
				);
				GCC_WARN_64_TO_32_BIT_CONVERSION = YES;
				GCC_WARN_ABOUT_RETURN_TYPE = YES_ERROR;
				GCC_WARN_UNDECLARED_SELECTOR = YES;
				GCC_WARN_UNINITIALIZED_AUTOS = YES_AGGRESSIVE;
				GCC_WARN_UNUSED_FUNCTION = YES;
				GCC_WARN_UNUSED_VARIABLE = YES;
				IPHONEOS_DEPLOYMENT_TARGET = 9.3;
				MTL_ENABLE_DEBUG_INFO = YES;
				ONLY_ACTIVE_ARCH = YES;
				SDKROOT = iphoneos;
				TARGETED_DEVICE_FAMILY = "1,2";
			};
			name = Debug;
		};
		656FD4431D239F4A00D84D5D /* Release */ = {
			isa = XCBuildConfiguration;
			buildSettings = {
				ALWAYS_SEARCH_USER_PATHS = NO;
				CLANG_ANALYZER_NONNULL = YES;
				CLANG_CXX_LANGUAGE_STANDARD = "gnu++0x";
				CLANG_CXX_LIBRARY = "libc++";
				CLANG_ENABLE_MODULES = YES;
				CLANG_ENABLE_OBJC_ARC = YES;
				CLANG_WARN_BOOL_CONVERSION = YES;
				CLANG_WARN_CONSTANT_CONVERSION = YES;
				CLANG_WARN_DIRECT_OBJC_ISA_USAGE = YES_ERROR;
				CLANG_WARN_EMPTY_BODY = YES;
				CLANG_WARN_ENUM_CONVERSION = YES;
				CLANG_WARN_INT_CONVERSION = YES;
				CLANG_WARN_OBJC_ROOT_CLASS = YES_ERROR;
				CLANG_WARN_UNREACHABLE_CODE = YES;
				CLANG_WARN__DUPLICATE_METHOD_MATCH = YES;
				"CODE_SIGN_IDENTITY[sdk=iphoneos*]" = "iPhone Developer";
				COPY_PHASE_STRIP = NO;
				DEBUG_INFORMATION_FORMAT = "dwarf-with-dsym";
				ENABLE_NS_ASSERTIONS = NO;
				ENABLE_STRICT_OBJC_MSGSEND = YES;
				GCC_C_LANGUAGE_STANDARD = gnu99;
				GCC_NO_COMMON_BLOCKS = YES;
				GCC_WARN_64_TO_32_BIT_CONVERSION = YES;
				GCC_WARN_ABOUT_RETURN_TYPE = YES_ERROR;
				GCC_WARN_UNDECLARED_SELECTOR = YES;
				GCC_WARN_UNINITIALIZED_AUTOS = YES_AGGRESSIVE;
				GCC_WARN_UNUSED_FUNCTION = YES;
				GCC_WARN_UNUSED_VARIABLE = YES;
				IPHONEOS_DEPLOYMENT_TARGET = 9.3;
				MTL_ENABLE_DEBUG_INFO = NO;
				SDKROOT = iphoneos;
				TARGETED_DEVICE_FAMILY = "1,2";
				VALIDATE_PRODUCT = YES;
			};
			name = Release;
		};
		656FD4451D239F4A00D84D5D /* Debug */ = {
			isa = XCBuildConfiguration;
			buildSettings = {
				ASSETCATALOG_COMPILER_APPICON_NAME = AppIcon;
				FRAMEWORK_SEARCH_PATHS = "$(SRCROOT)/../..";
				INFOPLIST_FILE = PresentDemo/Info.plist;
				LD_RUNPATH_SEARCH_PATHS = "$(inherited) @executable_path/Frameworks";
				PRODUCT_BUNDLE_IDENTIFIER = com.airservice.PresentDemo;
				PRODUCT_NAME = "$(TARGET_NAME)";
			};
			name = Debug;
		};
		656FD4461D239F4A00D84D5D /* Release */ = {
			isa = XCBuildConfiguration;
			buildSettings = {
				ASSETCATALOG_COMPILER_APPICON_NAME = AppIcon;
				FRAMEWORK_SEARCH_PATHS = "$(SRCROOT)/../..";
				INFOPLIST_FILE = PresentDemo/Info.plist;
				LD_RUNPATH_SEARCH_PATHS = "$(inherited) @executable_path/Frameworks";
				PRODUCT_BUNDLE_IDENTIFIER = com.airservice.PresentDemo;
				PRODUCT_NAME = "$(TARGET_NAME)";
			};
			name = Release;
		};
/* End XCBuildConfiguration section */

/* Begin XCConfigurationList section */
		656FD4281D239F4A00D84D5D /* Build configuration list for PBXProject "PresentDemo" */ = {
			isa = XCConfigurationList;
			buildConfigurations = (
				656FD4421D239F4A00D84D5D /* Debug */,
				656FD4431D239F4A00D84D5D /* Release */,
			);
			defaultConfigurationIsVisible = 0;
			defaultConfigurationName = Release;
		};
		656FD4441D239F4A00D84D5D /* Build configuration list for PBXNativeTarget "PresentDemo" */ = {
			isa = XCConfigurationList;
			buildConfigurations = (
				656FD4451D239F4A00D84D5D /* Debug */,
				656FD4461D239F4A00D84D5D /* Release */,
			);
			defaultConfigurationIsVisible = 0;
			defaultConfigurationName = Release;
		};
/* End XCConfigurationList section */
	};
	rootObject = 656FD4251D239F4A00D84D5D /* Project object */;
}
