PODS:
  - AirServiceKit (2.1.8)

DEPENDENCIES:
  - AirServiceKit (from `https://github.com/airservice/Open-API-and-SDKs.git`)

EXTERNAL SOURCES:
  AirServiceKit:
    :git: https://github.com/airservice/Open-API-and-SDKs.git

CHECKOUT OPTIONS:
  AirServiceKit:
    :commit: 5b77ad849c34c2401dab4377f4293f3af10651f5
    :git: https://github.com/airservice/Open-API-and-SDKs.git

SPEC CHECKSUMS:
  AirServiceKit: ef0c3b59dc852ef1fbf2474bda606628131cad29

PODFILE CHECKSUM: 179887e57d8fe4a562835371d9e3a09d61619527

COCOAPODS: 1.0.1
