PODS:
  - AirServiceKit (2.1.5)

DEPENDENCIES:
  - AirServiceKit (from `https://github.com/airservice/Open-API-and-SDKs.git`)

EXTERNAL SOURCES:
  AirServiceKit:
    :git: https://github.com/airservice/Open-API-and-SDKs.git

CHECKOUT OPTIONS:
  AirServiceKit:
    :commit: d0ece6ee5e065821dad6d2bd323061c49d141a66
    :git: https://github.com/airservice/Open-API-and-SDKs.git

SPEC CHECKSUMS:
  AirServiceKit: 9c543a014d5825a62f41f241101ef55f00f697f3

PODFILE CHECKSUM: 179887e57d8fe4a562835371d9e3a09d61619527

COCOAPODS: 1.0.1
