PODS:
  - AirServiceKit (2.1.4)
  - ASPayPalPayments (2.1.4):
    - Braintree/PayPal (~> 4.3.2)
  - Braintree/Core (4.3.2)
  - Braintree/PayPal (4.3.2):
    - Braintree/Core
    - Braintree/PayPalOneTouch
  - Braintree/PayPalDataCollector (4.3.2):
    - Braintree/Core
    - Braintree/PayPalUtils
  - Braintree/PayPalOneTouch (4.3.2):
    - Braintree/Core
    - Braintree/PayPalDataCollector
    - Braintree/PayPalUtils
  - Braintree/PayPalUtils (4.3.2)

DEPENDENCIES:
  - AirServiceKit (from `https://github.com/airservice/Open-API-and-SDKs.git`)
  - ASPayPalPayments (from `https://github.com/airservice/Open-API-and-SDKs.git`)

EXTERNAL SOURCES:
  AirServiceKit:
    :git: https://github.com/airservice/Open-API-and-SDKs.git
  ASPayPalPayments:
    :git: https://github.com/airservice/Open-API-and-SDKs.git

CHECKOUT OPTIONS:
  AirServiceKit:
    :commit: 52feebb587480f585ce9d0b7ce6043e23de6bb6f
    :git: https://github.com/airservice/Open-API-and-SDKs.git
  ASPayPalPayments:
    :commit: 52feebb587480f585ce9d0b7ce6043e23de6bb6f
    :git: https://github.com/airservice/Open-API-and-SDKs.git

SPEC CHECKSUMS:
  AirServiceKit: 8d162850e60ca392ac08c1e3907f56cac2b15397
  ASPayPalPayments: f59b7f0051056cd520b15dce30739d2e9bf0b5f3
  Braintree: 6f95d77e27d3bec2e54fd1bc4ae216ffeb9a4755

PODFILE CHECKSUM: 5ff290ed9e5d182e734efbdf59c2f72164e0136f

COCOAPODS: 1.0.1
