PODS:
  - AirServiceKit (2.4.4)
  - ASPayPalPayments (2.4.4):
    - Braintree/PayPal (~> 4.7.1)
  - Braintree/Core (4.7.3)
  - Braintree/PayPal (4.7.3):
    - Braintree/Core
    - Braintree/PayPalOneTouch
  - Braintree/PayPalDataCollector (4.7.3):
    - Braintree/Core
    - Braintree/PayPalUtils
  - Braintree/PayPalOneTouch (4.7.3):
    - Braintree/Core
    - Braintree/PayPalDataCollector
    - Braintree/PayPalUtils
  - Braintree/PayPalUtils (4.7.3)

DEPENDENCIES:
  - AirServiceKit (from `https://github.com/airservice/Open-API-and-SDKs.git`)
  - ASPayPalPayments (from `https://github.com/airservice/Open-API-and-SDKs.git`)

EXTERNAL SOURCES:
  AirServiceKit:
    :git: https://github.com/airservice/Open-API-and-SDKs.git
  ASPayPalPayments:
    :git: https://github.com/airservice/Open-API-and-SDKs.git

CHECKOUT OPTIONS:
  AirServiceKit:
    :commit: fdf4e43325aca3e0ad043edd2deac56a8b48071e
    :git: https://github.com/airservice/Open-API-and-SDKs.git
  ASPayPalPayments:
    :commit: fdf4e43325aca3e0ad043edd2deac56a8b48071e
    :git: https://github.com/airservice/Open-API-and-SDKs.git

SPEC CHECKSUMS:
  AirServiceKit: dad51e1034475552d211663fca8cad65c3d6af35
  ASPayPalPayments: 76717720c7df63bcc4ceb6564bd9e6c61dc2407a
  Braintree: 3eee856da5d30357a55439283b4bb3dbaddcaa7c

PODFILE CHECKSUM: 5ff290ed9e5d182e734efbdf59c2f72164e0136f

COCOAPODS: 1.1.1
