PODS:
  - AirServiceKit (2.4.0)
  - ASPayPalPayments (2.4.0):
    - Braintree/PayPal (~> 4.3.2)
  - Braintree/Core (4.3.2)
  - Braintree/PayPal (4.3.2):
    - Braintree/Core
    - Braintree/PayPalOneTouch
  - Braintree/PayPalDataCollector (4.3.2):
    - Braintree/Core
    - Braintree/PayPalUtils
  - Braintree/PayPalOneTouch (4.3.2):
    - Braintree/Core
    - Braintree/PayPalDataCollector
    - Braintree/PayPalUtils
  - Braintree/PayPalUtils (4.3.2)

DEPENDENCIES:
  - AirServiceKit (from `https://github.com/airservice/Open-API-and-SDKs.git`)
  - ASPayPalPayments (from `https://github.com/airservice/Open-API-and-SDKs.git`)

EXTERNAL SOURCES:
  AirServiceKit:
    :git: https://github.com/airservice/Open-API-and-SDKs.git
  ASPayPalPayments:
    :git: https://github.com/airservice/Open-API-and-SDKs.git

CHECKOUT OPTIONS:
  AirServiceKit:
    :commit: 7a23bcbfc43b46b81c4a0b2d21117d5e7ff338d0
    :git: https://github.com/airservice/Open-API-and-SDKs.git
  ASPayPalPayments:
    :commit: 7a23bcbfc43b46b81c4a0b2d21117d5e7ff338d0
    :git: https://github.com/airservice/Open-API-and-SDKs.git

SPEC CHECKSUMS:
  AirServiceKit: cc65966bef55ad0b8a457fe83af57f184ae2f7e9
  ASPayPalPayments: a04b61aa7dc8703fbb2a117b39dd4094feaffb6d
  Braintree: 6f95d77e27d3bec2e54fd1bc4ae216ffeb9a4755

PODFILE CHECKSUM: 5ff290ed9e5d182e734efbdf59c2f72164e0136f

COCOAPODS: 1.0.1
